<?xml version="1.0" encoding="utf-8"?>
<Project ToolsVersion="4.0" xmlns="http://schemas.microsoft.com/developer/msbuild/2003">
  <ItemGroup>
    <Filter Include="Source Files">
      <UniqueIdentifier>{4FC737F1-C7A5-4376-A066-2A32D752A2FF}</UniqueIdentifier>
      <Extensions>cpp;c;cc;cxx;c++;cppm;ixx;def;odl;idl;hpj;bat;asm;asmx</Extensions>
    </Filter>
    <Filter Include="Header Files">
      <UniqueIdentifier>{93995380-89BD-4b04-88EB-625FBE52EBFB}</UniqueIdentifier>
      <Extensions>h;hh;hpp;hxx;h++;hm;inl;inc;ipp;xsd</Extensions>
    </Filter>
    <Filter Include="Resource Files">
      <UniqueIdentifier>{67DA6AB6-F800-4c08-8B7A-83BB121AAD01}</UniqueIdentifier>
      <Extensions>rc;ico;cur;bmp;dlg;rc2;rct;bin;rgs;gif;jpg;jpeg;jpe;resx;tiff;tif;png;wav;mfcribbon-ms</Extensions>
    </Filter>
  </ItemGroup>
  <ItemGroup>
    <ClInclude Include="Resource.h">
      <Filter>Header Files</Filter>
    </ClInclude>
    <ClInclude Include="std\iColor.h">
      <Filter>Header Files</Filter>
    </ClInclude>
    <ClInclude Include="std\iCommon.h">
      <Filter>Header Files</Filter>
    </ClInclude>
    <ClInclude Include="std\iGraphics.h">
      <Filter>Header Files</Filter>
    </ClInclude>
    <ClInclude Include="std\iImage.h">
      <Filter>Header Files</Filter>
    </ClInclude>
    <ClInclude Include="std\iLinkedList.h">
      <Filter>Header Files</Filter>
    </ClInclude>
    <ClInclude Include="std\iOpenAL.h">
      <Filter>Header Files</Filter>
    </ClInclude>
    <ClInclude Include="std\iParticleSystem.h">
      <Filter>Header Files</Filter>
    </ClInclude>
    <ClInclude Include="std\iPoint.h">
      <Filter>Header Files</Filter>
    </ClInclude>
    <ClInclude Include="std\iPopup.h">
      <Filter>Header Files</Filter>
    </ClInclude>
    <ClInclude Include="std\iRect.h">
      <Filter>Header Files</Filter>
    </ClInclude>
    <ClInclude Include="std\iShortestPath.h">
      <Filter>Header Files</Filter>
    </ClInclude>
    <ClInclude Include="std\iSize.h">
      <Filter>Header Files</Filter>
    </ClInclude>
    <ClInclude Include="std\iSort.h">
      <Filter>Header Files</Filter>
    </ClInclude>
    <ClInclude Include="std\iSound.h">
      <Filter>Header Files</Filter>
    </ClInclude>
    <ClInclude Include="std\iStd.h">
      <Filter>Header Files</Filter>
    </ClInclude>
    <ClInclude Include="std\iString.h">
      <Filter>Header Files</Filter>
    </ClInclude>
    <ClInclude Include="std\iStrTex.h">
      <Filter>Header Files</Filter>
    </ClInclude>
    <ClInclude Include="std\iUtil.h">
      <Filter>Header Files</Filter>
    </ClInclude>
    <ClInclude Include="rpg\iCaptionUI.h">
      <Filter>Header Files</Filter>
    </ClInclude>
    <ClInclude Include="rpg\iEquipUI.h">
      <Filter>Header Files</Filter>
    </ClInclude>
    <ClInclude Include="rpg\iInventory.h">
      <Filter>Header Files</Filter>
    </ClInclude>
    <ClInclude Include="rpg\iInventoryUI.h">
      <Filter>Header Files</Filter>
    </ClInclude>
    <ClInclude Include="rpg\iItem.h">
      <Filter>Header Files</Filter>
    </ClInclude>
    <ClInclude Include="rpg\iItemUI.h">
      <Filter>Header Files</Filter>
    </ClInclude>
    <ClInclude Include="rpg\iCreditUI.h">
      <Filter>Header Files</Filter>
    </ClInclude>
    <ClInclude Include="game\game.h">
      <Filter>Header Files</Filter>
    </ClInclude>
    <ClInclude Include="ui\iDimmedUI.h">
      <Filter>Header Files</Filter>
    </ClInclude>
    <ClInclude Include="ui\iPauseUI.h">
      <Filter>Header Files</Filter>
    </ClInclude>
    <ClInclude Include="ui\iSettingUI.h">
      <Filter>Header Files</Filter>
    </ClInclude>
    <ClInclude Include="ui\iTopMenuUI.h">
      <Filter>Header Files</Filter>
    </ClInclude>
    <ClInclude Include="ui\iUI.h">
      <Filter>Header Files</Filter>
    </ClInclude>
    <ClInclude Include="App.h">
      <Filter>Header Files</Filter>
    </ClInclude>
    <ClInclude Include="iWindow.h">
      <Filter>Header Files</Filter>
    </ClInclude>
    <ClInclude Include="std\iMatrix.h">
      <Filter>Header Files</Filter>
    </ClInclude>
    <ClInclude Include="std\iOpenGL.h">
      <Filter>Header Files</Filter>
    </ClInclude>
    <ClInclude Include="std\iShadertoy.h">
      <Filter>Header Files</Filter>
    </ClInclude>
    <ClInclude Include="game\ST.h">
      <Filter>Header Files</Filter>
    </ClInclude>
    <ClInclude Include="game\Loading.h">
      <Filter>Header Files</Filter>
    </ClInclude>
    <ClInclude Include="game\Map.h">
      <Filter>Header Files</Filter>
    </ClInclude>
    <ClInclude Include="rpg\iLogUI.h">
      <Filter>Header Files</Filter>
    </ClInclude>
    <ClInclude Include="path\Path.h">
      <Filter>Header Files</Filter>
    </ClInclude>
    <ClInclude Include="path\Player.h">
      <Filter>Header Files</Filter>
    </ClInclude>
    <ClInclude Include="path\PathObject.h">
      <Filter>Header Files</Filter>
    </ClInclude>
    <ClInclude Include="path\Tree.h">
      <Filter>Header Files</Filter>
    </ClInclude>
    <ClInclude Include="AppForCtrl.h">
      <Filter>Header Files</Filter>
    </ClInclude>
  </ItemGroup>
  <ItemGroup>
    <ResourceCompile Include="LeapRealm_OpenGL3x.rc">
      <Filter>Resource Files</Filter>
    </ResourceCompile>
  </ItemGroup>
  <ItemGroup>
    <Image Include="small.ico">
      <Filter>Resource Files</Filter>
    </Image>
    <Image Include="LeapRealm_OpenGL3x.ico">
      <Filter>Resource Files</Filter>
    </Image>
  </ItemGroup>
  <ItemGroup>
    <ClCompile Include="std\iColor.cpp">
      <Filter>Source Files</Filter>
    </ClCompile>
    <ClCompile Include="std\iGraphics.cpp">
      <Filter>Source Files</Filter>
    </ClCompile>
    <ClCompile Include="std\iImage.cpp">
      <Filter>Source Files</Filter>
    </ClCompile>
    <ClCompile Include="std\iLinkedList.cpp">
      <Filter>Source Files</Filter>
    </ClCompile>
    <ClCompile Include="std\iOpenAL.cpp">
      <Filter>Source Files</Filter>
    </ClCompile>
    <ClCompile Include="std\iParticleSystem.cpp">
      <Filter>Source Files</Filter>
    </ClCompile>
    <ClCompile Include="std\iPoint.cpp">
      <Filter>Source Files</Filter>
    </ClCompile>
    <ClCompile Include="std\iPopup.cpp">
      <Filter>Source Files</Filter>
    </ClCompile>
    <ClCompile Include="std\iRect.cpp">
      <Filter>Source Files</Filter>
    </ClCompile>
    <ClCompile Include="std\iShortestPath.cpp">
      <Filter>Source Files</Filter>
    </ClCompile>
    <ClCompile Include="std\iSize.cpp">
      <Filter>Source Files</Filter>
    </ClCompile>
    <ClCompile Include="std\iSort.cpp">
      <Filter>Source Files</Filter>
    </ClCompile>
    <ClCompile Include="std\iSound.cpp">
      <Filter>Source Files</Filter>
    </ClCompile>
    <ClCompile Include="std\iStd.cpp">
      <Filter>Source Files</Filter>
    </ClCompile>
    <ClCompile Include="std\iString.cpp">
      <Filter>Source Files</Filter>
    </ClCompile>
    <ClCompile Include="std\iStrTex.cpp">
      <Filter>Source Files</Filter>
    </ClCompile>
    <ClCompile Include="std\iUtil.cpp">
      <Filter>Source Files</Filter>
    </ClCompile>
    <ClCompile Include="rpg\iCaptionUI.cpp">
      <Filter>Source Files</Filter>
    </ClCompile>
    <ClCompile Include="rpg\iEquipUI.cpp">
      <Filter>Source Files</Filter>
    </ClCompile>
    <ClCompile Include="rpg\iInventory.cpp">
      <Filter>Source Files</Filter>
    </ClCompile>
    <ClCompile Include="rpg\iInventoryUI.cpp">
      <Filter>Source Files</Filter>
    </ClCompile>
    <ClCompile Include="rpg\iItem.cpp">
      <Filter>Source Files</Filter>
    </ClCompile>
    <ClCompile Include="rpg\iItemUI.cpp">
      <Filter>Source Files</Filter>
    </ClCompile>
    <ClCompile Include="rpg\iCreditUI.cpp">
      <Filter>Source Files</Filter>
    </ClCompile>
    <ClCompile Include="game\game.cpp">
      <Filter>Source Files</Filter>
    </ClCompile>
    <ClCompile Include="ui\iDimmedUI.cpp">
      <Filter>Source Files</Filter>
    </ClCompile>
    <ClCompile Include="ui\iPauseUI.cpp">
      <Filter>Source Files</Filter>
    </ClCompile>
    <ClCompile Include="ui\iSettingUI.cpp">
      <Filter>Source Files</Filter>
    </ClCompile>
    <ClCompile Include="ui\iTopMenuUI.cpp">
      <Filter>Source Files</Filter>
    </ClCompile>
    <ClCompile Include="ui\iUI.cpp">
      <Filter>Source Files</Filter>
    </ClCompile>
    <ClCompile Include="App.cpp">
      <Filter>Source Files</Filter>
    </ClCompile>
    <ClCompile Include="glew.c">
      <Filter>Source Files</Filter>
    </ClCompile>
    <ClCompile Include="iWindow.cpp">
      <Filter>Source Files</Filter>
    </ClCompile>
    <ClCompile Include="std\iMatrix.cpp">
      <Filter>Source Files</Filter>
    </ClCompile>
    <ClCompile Include="std\iOpenGL.cpp">
      <Filter>Source Files</Filter>
    </ClCompile>
    <ClCompile Include="std\iShadertoy.cpp">
      <Filter>Source Files</Filter>
    </ClCompile>
    <ClCompile Include="game\ST.cpp">
      <Filter>Source Files</Filter>
    </ClCompile>
    <ClCompile Include="game\Loading.cpp">
      <Filter>Source Files</Filter>
    </ClCompile>
    <ClCompile Include="game\Map.cpp">
      <Filter>Source Files</Filter>
    </ClCompile>
    <ClCompile Include="rpg\iLogUI.cpp">
      <Filter>Source Files</Filter>
    </ClCompile>
    <ClCompile Include="AppForCtrl.cpp">
      <Filter>Source Files</Filter>
    </ClCompile>
    <ClCompile Include="path\Path.cpp">
      <Filter>Source Files</Filter>
    </ClCompile>
    <ClCompile Include="path\Player.cpp">
      <Filter>Source Files</Filter>
    </ClCompile>
    <ClCompile Include="path\Tree.cpp">
      <Filter>Source Files</Filter>
    </ClCompile>
  </ItemGroup>
</Project>